<?xml version="1.0" encoding="utf-8"?>
<Project ToolsVersion="4.0" xmlns="http://schemas.microsoft.com/developer/msbuild/2003">
  <ItemGroup>
    <Filter Include="Source Files">
      <UniqueIdentifier>{4FC737F1-C7A5-4376-A066-2A32D752A2FF}</UniqueIdentifier>
      <Extensions>cpp;c;cc;cxx;def;odl;idl;hpj;bat;asm;asmx</Extensions>
    </Filter>
    <Filter Include="Header Files">
      <UniqueIdentifier>{93995380-89BD-4b04-88EB-625FBE52EBFB}</UniqueIdentifier>
      <Extensions>h;hh;hpp;hxx;hm;inl;inc;xsd</Extensions>
    </Filter>
    <Filter Include="Resource Files">
      <UniqueIdentifier>{67DA6AB6-F800-4c08-8B7A-83BB121AAD01}</UniqueIdentifier>
      <Extensions>rc;ico;cur;bmp;dlg;rc2;rct;bin;rgs;gif;jpg;jpeg;jpe;resx;tiff;tif;png;wav;mfcribbon-ms</Extensions>
    </Filter>
    <Filter Include="Header Files\Array">
      <UniqueIdentifier>{d4c8bae0-9c34-4a06-bc11-631c53bc7ecc}</UniqueIdentifier>
    </Filter>
    <Filter Include="Header Files\Stack">
      <UniqueIdentifier>{29f51105-9e10-4604-87ea-0a7f26b6127e}</UniqueIdentifier>
    </Filter>
    <Filter Include="Header Files\String">
      <UniqueIdentifier>{2ea134e0-903a-4f81-8287-083f436b2b5a}</UniqueIdentifier>
    </Filter>
    <Filter Include="Notes">
      <UniqueIdentifier>{5a26574f-0cee-4005-8bbe-dc3dae99ebf1}</UniqueIdentifier>
    </Filter>
    <Filter Include="Header Files\Queen">
      <UniqueIdentifier>{e9c2391c-a2e7-4388-bcb0-8a7210168ff9}</UniqueIdentifier>
    </Filter>
    <Filter Include="Header Files\HashTable">
      <UniqueIdentifier>{002713cb-6422-4f3a-a548-b9bd0639a33e}</UniqueIdentifier>
    </Filter>
  </ItemGroup>
  <ItemGroup>
    <ClInclude Include="src\HelpFunc.h">
      <Filter>Header Files</Filter>
    </ClInclude>
    <ClInclude Include="src\MaximumSwap.h">
      <Filter>Header Files\Array</Filter>
    </ClInclude>
    <ClInclude Include="src\CreateMaximumNumber.h">
      <Filter>Header Files\Array</Filter>
    </ClInclude>
    <ClInclude Include="src\RemoveKDigits.h">
      <Filter>Header Files\Array</Filter>
    </ClInclude>
    <ClInclude Include="src\ValidParentheses.h">
      <Filter>Header Files\Stack</Filter>
    </ClInclude>
    <ClInclude Include="src\GenerateParentheses.h">
      <Filter>Header Files\String</Filter>
    </ClInclude>
    <ClInclude Include="src\CombinationSum.h">
      <Filter>Header Files\Array</Filter>
    </ClInclude>
    <ClInclude Include="src\NQueens2.h">
      <Filter>Header Files\Queen</Filter>
    </ClInclude>
    <ClInclude Include="src\NQueens.h">
      <Filter>Header Files\Queen</Filter>
    </ClInclude>
    <ClInclude Include="src\LongestContinuousIncreasingSubsequence.h">
      <Filter>Header Files\Array</Filter>
    </ClInclude>
    <ClInclude Include="src\LetterCombinationsOfAPhoneNumber.h">
      <Filter>Header Files\String</Filter>
    </ClInclude>
    <ClInclude Include="src\RotateArray.h">
      <Filter>Header Files\Array</Filter>
    </ClInclude>
    <ClInclude Include="src\TwoSum.h">
      <Filter>Header Files\Array</Filter>
    </ClInclude>
    <ClInclude Include="src\3Sum.h">
      <Filter>Header Files\Array</Filter>
    </ClInclude>
    <ClInclude Include="src\3SumCloset.h">
      <Filter>Header Files\Array</Filter>
    </ClInclude>
    <ClInclude Include="src\FindAllNumbersDisappearedInAnArray.h">
      <Filter>Header Files\Array</Filter>
    </ClInclude>
    <ClInclude Include="src\MaxConsecutiveOnes.h">
      <Filter>Header Files\Array</Filter>
    </ClInclude>
    <ClInclude Include="src\CanPlaceFlowers.h">
      <Filter>Header Files\Array</Filter>
    </ClInclude>
    <ClInclude Include="src\MergeSortedArray.h">
      <Filter>Header Files\Array</Filter>
    </ClInclude>
    <ClInclude Include="src\RemoveDuplicatesFromSortedArray.h">
      <Filter>Header Files\Array</Filter>
    </ClInclude>
    <ClInclude Include="src\RemoveElement.h">
      <Filter>Header Files\Array</Filter>
    </ClInclude>
    <ClInclude Include="src\ImageSmoother.h">
      <Filter>Header Files\Array</Filter>
    </ClInclude>
    <ClInclude Include="src\ThirdMaximumNumber.h">
      <Filter>Header Files\Array</Filter>
    </ClInclude>
    <ClInclude Include="src\K-diffPairsInAnArray.h">
      <Filter>Header Files\Array</Filter>
    </ClInclude>
    <ClInclude Include="src\MaximumProductOfThreeNumbers.h">
      <Filter>Header Files\Array</Filter>
    </ClInclude>
    <ClInclude Include="src\MoveZeroes.h">
      <Filter>Header Files\Array</Filter>
    </ClInclude>
    <ClInclude Include="src\ContainsDuplicate.h">
      <Filter>Header Files\Array</Filter>
    </ClInclude>
    <ClInclude Include="src\SearchInsertPosition.h">
      <Filter>Header Files\Array</Filter>
    </ClInclude>
    <ClInclude Include="src\ContainsDuplicate2.h">
      <Filter>Header Files\Array</Filter>
    </ClInclude>
    <ClInclude Include="src\PascalsTriangle.h">
      <Filter>Header Files\Array</Filter>
    </ClInclude>
    <ClInclude Include="src\BestTimeToBuyAndSellStock.h">
      <Filter>Header Files\Array</Filter>
    </ClInclude>
    <ClInclude Include="src\TwoSum2.h">
      <Filter>Header Files\Array</Filter>
    </ClInclude>
    <ClInclude Include="src\MajorityElement.h">
      <Filter>Header Files\Array</Filter>
    </ClInclude>
    <ClInclude Include="src\MissingNumber.h">
      <Filter>Header Files\Array</Filter>
    </ClInclude>
    <ClInclude Include="src\PlusOne.h">
      <Filter>Header Files\Array</Filter>
    </ClInclude>
    <ClInclude Include="src\ShortestUnsortedContinuousSubarray.h">
      <Filter>Header Files\Array</Filter>
    </ClInclude>
    <ClInclude Include="src\MaximumAverageSubarrayI.h">
      <Filter>Header Files\Array</Filter>
    </ClInclude>
    <ClInclude Include="src\PascalsTriangle2.h">
      <Filter>Header Files\Array</Filter>
    </ClInclude>
    <ClInclude Include="src\MaxAreaOfIsland.h">
      <Filter>Header Files\Array</Filter>
    </ClInclude>
    <ClInclude Include="src\MaximumSubarray.h">
      <Filter>Header Files\Array</Filter>
    </ClInclude>
    <ClInclude Include="src\ArrayPartitionI.h">
      <Filter>Header Files\Array</Filter>
    </ClInclude>
    <ClInclude Include="src\Non-decreasingArray.h">
      <Filter>Header Files\Array</Filter>
    </ClInclude>
    <ClInclude Include="src\ReshapeTheMatrix.h">
      <Filter>Header Files</Filter>
    </ClInclude>
    <ClInclude Include="src\BestTimeToBuyAndSellStockII.h">
      <Filter>Header Files\Array</Filter>
    </ClInclude>
    <ClInclude Include="src\RepeatedStringMatch.h">
      <Filter>Header Files\String</Filter>
    </ClInclude>
    <ClInclude Include="src\NextClosestTime.h">
      <Filter>Header Files\String</Filter>
    </ClInclude>
    <ClInclude Include="src\RepeatedSubstringPattern.h">
      <Filter>Header Files\String</Filter>
    </ClInclude>
    <ClInclude Include="src\AddStrings.h">
      <Filter>Header Files\String</Filter>
    </ClInclude>
    <ClInclude Include="src\MultiplyStrings.h">
      <Filter>Header Files\String</Filter>
    </ClInclude>
    <ClInclude Include="src\ValidPalindrome.h">
      <Filter>Header Files\String</Filter>
    </ClInclude>
    <ClInclude Include="src\ValidPalindromeII.h">
      <Filter>Header Files\String</Filter>
    </ClInclude>
    <ClInclude Include="src\CountAndSay.h">
      <Filter>Header Files\String</Filter>
    </ClInclude>
    <ClInclude Include="src\JudgeRouteCircle.h">
      <Filter>Header Files\String</Filter>
    </ClInclude>
    <ClInclude Include="src\ConstructStringFromBinaryTree.h">
      <Filter>Header Files\String</Filter>
    </ClInclude>
    <ClInclude Include="src\FindDuplicateSubtrees.h">
      <Filter>Header Files\String</Filter>
    </ClInclude>
    <ClInclude Include="src\RomanToInteger.h">
      <Filter>Header Files\String</Filter>
    </ClInclude>
    <ClInclude Include="src\FloodFill.h">
      <Filter>Header Files</Filter>
    </ClInclude>
    <ClInclude Include="src\LongestCommonPrefix.h">
      <Filter>Header Files\String</Filter>
    </ClInclude>
    <ClInclude Include="src\ReverseString.h">
      <Filter>Header Files\String</Filter>
    </ClInclude>
    <ClInclude Include="src\ReverseStringII.h">
      <Filter>Header Files\String</Filter>
    </ClInclude>
    <ClInclude Include="src\ReverseWordsInAStringIII.h">
      <Filter>Header Files\String</Filter>
    </ClInclude>
    <ClInclude Include="src\StudentAttendanceRecordI.h">
      <Filter>Header Files\String</Filter>
    </ClInclude>
    <ClInclude Include="src\ImplementStrStr.h">
      <Filter>Header Files\String</Filter>
    </ClInclude>
    <ClInclude Include="src\CountBinarySubstrings.h">
      <Filter>Header Files\String</Filter>
    </ClInclude>
    <ClInclude Include="src\DetectCaptial.h">
      <Filter>Header Files\String</Filter>
    </ClInclude>
    <ClInclude Include="src\StringCompression.h">
      <Filter>Header Files\String</Filter>
    </ClInclude>
    <ClInclude Include="src\LengthOfLastWord.h">
      <Filter>Header Files\String</Filter>
    </ClInclude>
    <ClInclude Include="src\NumberOfSegmentsInAString.h">
      <Filter>Header Files\String</Filter>
    </ClInclude>
    <ClInclude Include="src\AddBinaryh.h">
      <Filter>Header Files\String</Filter>
    </ClInclude>
    <ClInclude Include="src\FindUniqueCharacterInAString.h">
      <Filter>Header Files\String</Filter>
    </ClInclude>
    <ClInclude Include="src\RansomNote.h">
      <Filter>Header Files\String</Filter>
    </ClInclude>
    <ClInclude Include="src\LongestUncommonSubsequenceI.h">
      <Filter>Header Files</Filter>
    </ClInclude>
    <ClInclude Include="src\ReverseVowelsOfAString.h">
      <Filter>Header Files\String</Filter>
    </ClInclude>
    <ClInclude Include="src\FindTheDifference.h">
      <Filter>Header Files\HashTable</Filter>
    </ClInclude>
    <ClInclude Include="src\IntersectionOfTwoArraysII.h">
      <Filter>Header Files\HashTable</Filter>
    </ClInclude>
    <ClInclude Include="src\NumberOfBoomerangs.h">
      <Filter>Header Files\HashTable</Filter>
    </ClInclude>
    <ClInclude Include="src\PalindromePairs.h">
      <Filter>Header Files\HashTable</Filter>
    </ClInclude>
    <ClInclude Include="src\EmployeeImportance.h">
      <Filter>Header Files\HashTable</Filter>
    </ClInclude>
    <ClInclude Include="src\IslandPerimeter.h">
      <Filter>Header Files\HashTable</Filter>
    </ClInclude>
    <ClInclude Include="src\KeyboardRow.h">
      <Filter>Header Files\HashTable</Filter>
    </ClInclude>
    <ClInclude Include="src\IntersectionOfTwoArrays.h">
      <Filter>Header Files\HashTable</Filter>
    </ClInclude>
    <ClInclude Include="src\SetMismatch.h">
      <Filter>Header Files\HashTable</Filter>
    </ClInclude>
    <ClInclude Include="src\SingleNumber.h">
      <Filter>Header Files\HashTable</Filter>
    </ClInclude>
    <ClInclude Include="src\LongestWordInDictionary.h">
      <Filter>Header Files\HashTable</Filter>
    </ClInclude>
    <ClInclude Include="src\WordPattern.h">
      <Filter>Header Files\HashTable</Filter>
    </ClInclude>
    <ClInclude Include="src\FindAllAnagramsInAString.h">
      <Filter>Header Files\HashTable</Filter>
    </ClInclude>
    <ClInclude Include="src\MinimumWindowSubstring.h">
      <Filter>Header Files\HashTable</Filter>
    </ClInclude>
    <ClInclude Include="src\LongestSubStringWithoutRepeatingCharacters.h">
      <Filter>Header Files\HashTable</Filter>
    </ClInclude>
  </ItemGroup>
  <ItemGroup>
    <ClCompile Include="src\main.cpp">
      <Filter>Source Files</Filter>
    </ClCompile>
  </ItemGroup>
  <ItemGroup>
    <None Include="..\notes\Backtracking.md">
      <Filter>Notes</Filter>
    </None>
    <None Include="..\notes\LargestSumContiguousSubarray.md">
      <Filter>Notes</Filter>
    </None>
    <None Include="..\README.md">
      <Filter>Notes</Filter>
    </None>
    <None Include="..\notes\KMP.md">
      <Filter>Notes</Filter>
    </None>
  </ItemGroup>
</Project>