<?xml version="1.0" encoding="utf-8"?>
<Project ToolsVersion="4.0" xmlns="http://schemas.microsoft.com/developer/msbuild/2003">
  <ItemGroup>
    <Filter Include="Source Files">
      <UniqueIdentifier>{4FC737F1-C7A5-4376-A066-2A32D752A2FF}</UniqueIdentifier>
      <Extensions>cpp;c;cc;cxx;def;odl;idl;hpj;bat;asm;asmx</Extensions>
    </Filter>
    <Filter Include="Header Files">
      <UniqueIdentifier>{93995380-89BD-4b04-88EB-625FBE52EBFB}</UniqueIdentifier>
      <Extensions>h;hh;hpp;hxx;hm;inl;inc;xsd</Extensions>
    </Filter>
    <Filter Include="Resource Files">
      <UniqueIdentifier>{67DA6AB6-F800-4c08-8B7A-83BB121AAD01}</UniqueIdentifier>
      <Extensions>rc;ico;cur;bmp;dlg;rc2;rct;bin;rgs;gif;jpg;jpeg;jpe;resx;tiff;tif;png;wav;mfcribbon-ms</Extensions>
    </Filter>
    <Filter Include="Header Files\Array">
      <UniqueIdentifier>{d4c8bae0-9c34-4a06-bc11-631c53bc7ecc}</UniqueIdentifier>
    </Filter>
    <Filter Include="Header Files\Stack">
      <UniqueIdentifier>{29f51105-9e10-4604-87ea-0a7f26b6127e}</UniqueIdentifier>
    </Filter>
    <Filter Include="Header Files\String">
      <UniqueIdentifier>{2ea134e0-903a-4f81-8287-083f436b2b5a}</UniqueIdentifier>
    </Filter>
    <Filter Include="Notes">
      <UniqueIdentifier>{5a26574f-0cee-4005-8bbe-dc3dae99ebf1}</UniqueIdentifier>
    </Filter>
    <Filter Include="Header Files\Queen">
      <UniqueIdentifier>{e9c2391c-a2e7-4388-bcb0-8a7210168ff9}</UniqueIdentifier>
    </Filter>
  </ItemGroup>
  <ItemGroup>
    <ClInclude Include="src\HelpFunc.h">
      <Filter>Header Files</Filter>
    </ClInclude>
    <ClInclude Include="src\MaximumSwap.h">
      <Filter>Header Files\Array</Filter>
    </ClInclude>
    <ClInclude Include="src\CreateMaximumNumber.h">
      <Filter>Header Files\Array</Filter>
    </ClInclude>
    <ClInclude Include="src\RemoveKDigits.h">
      <Filter>Header Files\Array</Filter>
    </ClInclude>
    <ClInclude Include="src\ValidParentheses.h">
      <Filter>Header Files\Stack</Filter>
    </ClInclude>
    <ClInclude Include="src\GenerateParentheses.h">
      <Filter>Header Files\String</Filter>
    </ClInclude>
    <ClInclude Include="src\CombinationSum.h">
      <Filter>Header Files\Array</Filter>
    </ClInclude>
    <ClInclude Include="src\NQueens2.h">
      <Filter>Header Files\Queen</Filter>
    </ClInclude>
    <ClInclude Include="src\NQueens.h">
      <Filter>Header Files\Queen</Filter>
    </ClInclude>
    <ClInclude Include="src\LongestContinuousIncreasingSubsequence.h">
      <Filter>Header Files\Array</Filter>
    </ClInclude>
    <ClInclude Include="src\LetterCombinationsOfAPhoneNumber.h">
      <Filter>Header Files\String</Filter>
    </ClInclude>
    <ClInclude Include="src\RotateArray.h">
      <Filter>Header Files\Array</Filter>
    </ClInclude>
    <ClInclude Include="src\TwoSum.h">
      <Filter>Header Files\Array</Filter>
    </ClInclude>
    <ClInclude Include="src\3Sum.h">
      <Filter>Header Files\Array</Filter>
    </ClInclude>
    <ClInclude Include="src\3SumCloset.h">
      <Filter>Header Files\Array</Filter>
    </ClInclude>
    <ClInclude Include="src\FindAllNumbersDisappearedInAnArray.h">
      <Filter>Header Files\Array</Filter>
    </ClInclude>
    <ClInclude Include="src\MaxConsecutiveOnes.h">
      <Filter>Header Files\Array</Filter>
    </ClInclude>
    <ClInclude Include="src\CanPlaceFlowers.h">
      <Filter>Header Files\Array</Filter>
    </ClInclude>
    <ClInclude Include="src\MergeSortedArray.h">
      <Filter>Header Files\Array</Filter>
    </ClInclude>
    <ClInclude Include="src\RemoveDuplicatesFromSortedArray.h">
      <Filter>Header Files\Array</Filter>
    </ClInclude>
    <ClInclude Include="src\RemoveElement.h">
      <Filter>Header Files\Array</Filter>
    </ClInclude>
    <ClInclude Include="src\ImageSmoother.h">
      <Filter>Header Files\Array</Filter>
    </ClInclude>
    <ClInclude Include="src\ThirdMaximumNumber.h">
      <Filter>Header Files\Array</Filter>
    </ClInclude>
    <ClInclude Include="src\K-diffPairsInAnArray.h">
      <Filter>Header Files\Array</Filter>
    </ClInclude>
    <ClInclude Include="src\MaximumProductOfThreeNumbers.h">
      <Filter>Header Files\Array</Filter>
    </ClInclude>
    <ClInclude Include="src\MoveZeroes.h">
      <Filter>Header Files\Array</Filter>
    </ClInclude>
    <ClInclude Include="src\ContainsDuplicate.h">
      <Filter>Header Files\Array</Filter>
    </ClInclude>
    <ClInclude Include="src\SearchInsertPosition.h">
      <Filter>Header Files\Array</Filter>
    </ClInclude>
    <ClInclude Include="src\ContainsDuplicate2.h">
      <Filter>Header Files\Array</Filter>
    </ClInclude>
    <ClInclude Include="src\PascalsTriangle.h">
      <Filter>Header Files\Array</Filter>
    </ClInclude>
    <ClInclude Include="src\BestTimeToBuyAndSellStock.h">
      <Filter>Header Files\Array</Filter>
    </ClInclude>
    <ClInclude Include="src\TwoSum2.h">
      <Filter>Header Files\Array</Filter>
    </ClInclude>
    <ClInclude Include="src\MajorityElement.h">
      <Filter>Header Files\Array</Filter>
    </ClInclude>
    <ClInclude Include="src\MissingNumber.h">
      <Filter>Header Files\Array</Filter>
    </ClInclude>
    <ClInclude Include="src\PlusOne.h">
      <Filter>Header Files\Array</Filter>
    </ClInclude>
    <ClInclude Include="src\ShortestUnsortedContinuousSubarray.h">
      <Filter>Header Files\Array</Filter>
    </ClInclude>
  </ItemGroup>
  <ItemGroup>
    <ClCompile Include="src\main.cpp">
      <Filter>Source Files</Filter>
    </ClCompile>
  </ItemGroup>
  <ItemGroup>
    <None Include="..\..\GitRepo\LeetCode\notes\Backtracking.md">
      <Filter>Notes</Filter>
    </None>
    <None Include="..\..\GitRepo\LeetCode\README.md">
      <Filter>Notes</Filter>
    </None>
    <None Include="..\..\GitRepo\LeetCode\notes\LargestSumContiguousSubarray.md">
      <Filter>Notes</Filter>
    </None>
  </ItemGroup>
</Project>